
Microsoft Visual Studio Solution File, Format Version 12.00
# Visual Studio Version 17
VisualStudioVersion = 17.7.34221.43
MinimumVisualStudioVersion = 10.0.40219.1
Project("{FAE04EC0-301F-11D3-BF4B-00C04F79EFBC}") = "Pilot-FrameWork", "Pilot-FrameWork\Pilot-FrameWork.csproj", "{9F4C05AA-D23D-4571-8F0E-F022D6556417}"
EndProject
Project("{FAE04EC0-301F-11D3-BF4B-00C04F79EFBC}") = "TestProject", "TestProject\TestProject.csproj", "{04F782E1-0FCD-4398-97ED-CA514389EF31}"
EndProject
Global
	GlobalSection(SolutionConfigurationPlatforms) = preSolution
		Debug|Any CPU = Debug|Any CPU
		Release|Any CPU = Release|Any CPU
	EndGlobalSection
	GlobalSection(ProjectConfigurationPlatforms) = postSolution
		{9F4C05AA-D23D-4571-8F0E-F022D6556417}.Debug|Any CPU.ActiveCfg = Debug|Any CPU
		{9F4C05AA-D23D-4571-8F0E-F022D6556417}.Debug|Any CPU.Build.0 = Debug|Any CPU
		{9F4C05AA-D23D-4571-8F0E-F022D6556417}.Release|Any CPU.ActiveCfg = Release|Any CPU
		{9F4C05AA-D23D-4571-8F0E-F022D6556417}.Release|Any CPU.Build.0 = Release|Any CPU
		{04F782E1-0FCD-4398-97ED-CA514389EF31}.Debug|Any CPU.ActiveCfg = Debug|Any CPU
		{04F782E1-0FCD-4398-97ED-CA514389EF31}.Debug|Any CPU.Build.0 = Debug|Any CPU
		{04F782E1-0FCD-4398-97ED-CA514389EF31}.Release|Any CPU.ActiveCfg = Release|Any CPU
		{04F782E1-0FCD-4398-97ED-CA514389EF31}.Release|Any CPU.Build.0 = Release|Any CPU
	EndGlobalSection
	GlobalSection(SolutionProperties) = preSolution
		HideSolutionNode = FALSE
	EndGlobalSection
	GlobalSection(ExtensibilityGlobals) = postSolution
		SolutionGuid = {FD2FC878-E329-4042-8196-C3A3BA569372}
	EndGlobalSection
EndGlobal
